
Microsoft Visual Studio Solution File, Format Version 12.00
# Visual Studio Version 17
VisualStudioVersion = 17.4.33403.182
MinimumVisualStudioVersion = 10.0.40219.1
Project("{FAE04EC0-301F-11D3-BF4B-00C04F79EFBC}") = "task3", "task3\task3.csproj", "{051F3707-1E5E-449F-947F-806ABF2824FE}"
EndProject
Global
	GlobalSection(SolutionConfigurationPlatforms) = preSolution
		Debug|Any CPU = Debug|Any CPU
		Release|Any CPU = Release|Any CPU
	EndGlobalSection
	GlobalSection(ProjectConfigurationPlatforms) = postSolution
		{051F3707-1E5E-449F-947F-806ABF2824FE}.Debug|Any CPU.ActiveCfg = Debug|Any CPU
		{051F3707-1E5E-449F-947F-806ABF2824FE}.Debug|Any CPU.Build.0 = Debug|Any CPU
		{051F3707-1E5E-449F-947F-806ABF2824FE}.Release|Any CPU.ActiveCfg = Release|Any CPU
		{051F3707-1E5E-449F-947F-806ABF2824FE}.Release|Any CPU.Build.0 = Release|Any CPU
	EndGlobalSection
	GlobalSection(SolutionProperties) = preSolution
		HideSolutionNode = FALSE
	EndGlobalSection
	GlobalSection(ExtensibilityGlobals) = postSolution
		SolutionGuid = {BEDB7FEA-B5B8-4D75-BAC4-E8B29BA9EC0F}
	EndGlobalSection
EndGlobal
