
Microsoft Visual Studio Solution File, Format Version 12.00
# Visual Studio Version 17
VisualStudioVersion = 17.4.33403.182
MinimumVisualStudioVersion = 10.0.40219.1
Project("{FAE04EC0-301F-11D3-BF4B-00C04F79EFBC}") = "task1", "task1\task1.csproj", "{D643E908-45DA-4167-A21C-CB06CC6E8F57}"
EndProject
Global
	GlobalSection(SolutionConfigurationPlatforms) = preSolution
		Debug|Any CPU = Debug|Any CPU
		Release|Any CPU = Release|Any CPU
	EndGlobalSection
	GlobalSection(ProjectConfigurationPlatforms) = postSolution
		{D643E908-45DA-4167-A21C-CB06CC6E8F57}.Debug|Any CPU.ActiveCfg = Debug|Any CPU
		{D643E908-45DA-4167-A21C-CB06CC6E8F57}.Debug|Any CPU.Build.0 = Debug|Any CPU
		{D643E908-45DA-4167-A21C-CB06CC6E8F57}.Release|Any CPU.ActiveCfg = Release|Any CPU
		{D643E908-45DA-4167-A21C-CB06CC6E8F57}.Release|Any CPU.Build.0 = Release|Any CPU
	EndGlobalSection
	GlobalSection(SolutionProperties) = preSolution
		HideSolutionNode = FALSE
	EndGlobalSection
	GlobalSection(ExtensibilityGlobals) = postSolution
		SolutionGuid = {554FE3BA-9057-4F61-838D-99FC68A635B7}
	EndGlobalSection
EndGlobal
